
Microsoft Visual Studio Solution File, Format Version 12.00
# Visual Studio Version 17
VisualStudioVersion = 17.9.34701.34
MinimumVisualStudioVersion = 10.0.40219.1
Project("{FAE04EC0-301F-11D3-BF4B-00C04F79EFBC}") = "Coling.API.Afiliados", "Coling.API.Afiliados\Coling.API.Afiliados.csproj", "{E76FC52C-A6F5-43D9-A6B4-AAC2FF6E38CB}"
EndProject
Project("{FAE04EC0-301F-11D3-BF4B-00C04F79EFBC}") = "Coling.API.Bolsatrabajo", "Coling.API.Bolsatrabajo\Coling.API.Bolsatrabajo.csproj", "{72E27D71-D81D-4B98-B356-DB7DB2BBF67C}"
EndProject
Project("{FAE04EC0-301F-11D3-BF4B-00C04F79EFBC}") = "Coling.API.Curriculum", "Coling.API.Curriculum\Coling.API.Curriculum.csproj", "{65A2E3B3-59D7-45A4-8975-821A90BC4E7C}"
EndProject
Project("{2150E333-8FDC-42A3-9474-1A3956D46DE8}") = "APIMicroservices", "APIMicroservices", "{EEC6F117-A04B-4B55-9800-D3069D96E71C}"
EndProject
Project("{2150E333-8FDC-42A3-9474-1A3956D46DE8}") = "Common", "Common", "{E16CA388-56B6-4AEC-82C7-A063B0D4B76B}"
EndProject
Project("{2150E333-8FDC-42A3-9474-1A3956D46DE8}") = "Multiplataforma", "Multiplataforma", "{3648B619-3762-4926-839D-8007A9A8CFFD}"
EndProject
Project("{FAE04EC0-301F-11D3-BF4B-00C04F79EFBC}") = "Coling.Shared", "Coling.Shared\Coling.Shared.csproj", "{D4C9A432-29AB-444D-9876-8280D5672573}"
EndProject
Global
	GlobalSection(SolutionConfigurationPlatforms) = preSolution
		Debug|Any CPU = Debug|Any CPU
		Release|Any CPU = Release|Any CPU
	EndGlobalSection
	GlobalSection(ProjectConfigurationPlatforms) = postSolution
		{E76FC52C-A6F5-43D9-A6B4-AAC2FF6E38CB}.Debug|Any CPU.ActiveCfg = Debug|Any CPU
		{E76FC52C-A6F5-43D9-A6B4-AAC2FF6E38CB}.Debug|Any CPU.Build.0 = Debug|Any CPU
		{E76FC52C-A6F5-43D9-A6B4-AAC2FF6E38CB}.Release|Any CPU.ActiveCfg = Release|Any CPU
		{E76FC52C-A6F5-43D9-A6B4-AAC2FF6E38CB}.Release|Any CPU.Build.0 = Release|Any CPU
		{72E27D71-D81D-4B98-B356-DB7DB2BBF67C}.Debug|Any CPU.ActiveCfg = Debug|Any CPU
		{72E27D71-D81D-4B98-B356-DB7DB2BBF67C}.Debug|Any CPU.Build.0 = Debug|Any CPU
		{72E27D71-D81D-4B98-B356-DB7DB2BBF67C}.Release|Any CPU.ActiveCfg = Release|Any CPU
		{72E27D71-D81D-4B98-B356-DB7DB2BBF67C}.Release|Any CPU.Build.0 = Release|Any CPU
		{65A2E3B3-59D7-45A4-8975-821A90BC4E7C}.Debug|Any CPU.ActiveCfg = Debug|Any CPU
		{65A2E3B3-59D7-45A4-8975-821A90BC4E7C}.Debug|Any CPU.Build.0 = Debug|Any CPU
		{65A2E3B3-59D7-45A4-8975-821A90BC4E7C}.Release|Any CPU.ActiveCfg = Release|Any CPU
		{65A2E3B3-59D7-45A4-8975-821A90BC4E7C}.Release|Any CPU.Build.0 = Release|Any CPU
		{D4C9A432-29AB-444D-9876-8280D5672573}.Debug|Any CPU.ActiveCfg = Debug|Any CPU
		{D4C9A432-29AB-444D-9876-8280D5672573}.Debug|Any CPU.Build.0 = Debug|Any CPU
		{D4C9A432-29AB-444D-9876-8280D5672573}.Release|Any CPU.ActiveCfg = Release|Any CPU
		{D4C9A432-29AB-444D-9876-8280D5672573}.Release|Any CPU.Build.0 = Release|Any CPU
	EndGlobalSection
	GlobalSection(SolutionProperties) = preSolution
		HideSolutionNode = FALSE
	EndGlobalSection
	GlobalSection(NestedProjects) = preSolution
		{E76FC52C-A6F5-43D9-A6B4-AAC2FF6E38CB} = {EEC6F117-A04B-4B55-9800-D3069D96E71C}
		{72E27D71-D81D-4B98-B356-DB7DB2BBF67C} = {EEC6F117-A04B-4B55-9800-D3069D96E71C}
		{65A2E3B3-59D7-45A4-8975-821A90BC4E7C} = {EEC6F117-A04B-4B55-9800-D3069D96E71C}
		{D4C9A432-29AB-444D-9876-8280D5672573} = {E16CA388-56B6-4AEC-82C7-A063B0D4B76B}
	EndGlobalSection
	GlobalSection(ExtensibilityGlobals) = postSolution
		SolutionGuid = {47E2F5E9-4C2D-4C6B-ADE3-CAA1C9133CD4}
	EndGlobalSection
EndGlobal
